
Microsoft Visual Studio Solution File, Format Version 12.00
# Visual Studio Version 16
VisualStudioVersion = 16.0.33214.272
MinimumVisualStudioVersion = 10.0.40219.1
Project("{9A19103F-16F7-4668-BE54-9A1E7A4F7556}") = "BlazorCRUD.UI", "BlazorCRUD.UI\BlazorCRUD.UI.csproj", "{289559F1-6BA5-4C73-97FF-13C96448A44B}"
EndProject
Project("{9A19103F-16F7-4668-BE54-9A1E7A4F7556}") = "BlazorCRUD.Model", "BlazorCRUD.Model\BlazorCRUD.Model.csproj", "{9BF90B6A-DCCE-44A1-A3F9-5C09E0A73D30}"
EndProject
Project("{9A19103F-16F7-4668-BE54-9A1E7A4F7556}") = "BlazorCRUD.Data.Dapper", "BlazorCRUD.Data.Dapper\BlazorCRUD.Data.Dapper.csproj", "{5A7B5765-0F33-4676-A93D-1180175C7A62}"
EndProject
Global
	GlobalSection(SolutionConfigurationPlatforms) = preSolution
		Debug|Any CPU = Debug|Any CPU
		Release|Any CPU = Release|Any CPU
	EndGlobalSection
	GlobalSection(ProjectConfigurationPlatforms) = postSolution
		{289559F1-6BA5-4C73-97FF-13C96448A44B}.Debug|Any CPU.ActiveCfg = Debug|Any CPU
		{289559F1-6BA5-4C73-97FF-13C96448A44B}.Debug|Any CPU.Build.0 = Debug|Any CPU
		{289559F1-6BA5-4C73-97FF-13C96448A44B}.Release|Any CPU.ActiveCfg = Release|Any CPU
		{289559F1-6BA5-4C73-97FF-13C96448A44B}.Release|Any CPU.Build.0 = Release|Any CPU
		{9BF90B6A-DCCE-44A1-A3F9-5C09E0A73D30}.Debug|Any CPU.ActiveCfg = Debug|Any CPU
		{9BF90B6A-DCCE-44A1-A3F9-5C09E0A73D30}.Debug|Any CPU.Build.0 = Debug|Any CPU
		{9BF90B6A-DCCE-44A1-A3F9-5C09E0A73D30}.Release|Any CPU.ActiveCfg = Release|Any CPU
		{9BF90B6A-DCCE-44A1-A3F9-5C09E0A73D30}.Release|Any CPU.Build.0 = Release|Any CPU
		{5A7B5765-0F33-4676-A93D-1180175C7A62}.Debug|Any CPU.ActiveCfg = Debug|Any CPU
		{5A7B5765-0F33-4676-A93D-1180175C7A62}.Debug|Any CPU.Build.0 = Debug|Any CPU
		{5A7B5765-0F33-4676-A93D-1180175C7A62}.Release|Any CPU.ActiveCfg = Release|Any CPU
		{5A7B5765-0F33-4676-A93D-1180175C7A62}.Release|Any CPU.Build.0 = Release|Any CPU
	EndGlobalSection
	GlobalSection(SolutionProperties) = preSolution
		HideSolutionNode = FALSE
	EndGlobalSection
	GlobalSection(ExtensibilityGlobals) = postSolution
		SolutionGuid = {FFD795BD-76C8-4313-A0BE-69D3C7093F2B}
	EndGlobalSection
EndGlobal
